{
  "name": "VanguardApp",
  "lockfileVersion": 3,
  "requires": true,
  "packages": {
    "": {
      "dependencies": {
        "chroma": "^0.0.1"
      }
    },
    "node_modules/chroma": {
      "version": "0.0.1",
      "resolved": "https://registry.npmjs.org/chroma/-/chroma-0.0.1.tgz",
      "integrity": "sha512-spXrvnDrn4IKEN/s0G9vri2+GGZhB15bDU22bbPRnOSEnkGgzGVSFoj/2TeRO5PBysOI4bcHor/8wIamocN09A=="
    }
  }
}
